// !$*UTF8*$!
{
	archiveVersion = 1;
	classes = {
	};
	objectVersion = 48;
	objects = {

/* Begin PBXBuildFile section */
		03EF1EF620269ED500D3F179 /* AppDelegate.swift in Sources */ = {isa = PBXBuildFile; fileRef = 03EF1EF520269ED500D3F179 /* AppDelegate.swift */; };
		03EF1EF820269ED500D3F179 /* ViewController.swift in Sources */ = {isa = PBXBuildFile; fileRef = 03EF1EF720269ED500D3F179 /* ViewController.swift */; };
		03EF1EFB20269ED500D3F179 /* Main.storyboard in Resources */ = {isa = PBXBuildFile; fileRef = 03EF1EF920269ED500D3F179 /* Main.storyboard */; };
		03EF1EFD20269ED500D3F179 /* Assets.xcassets in Resources */ = {isa = PBXBuildFile; fileRef = 03EF1EFC20269ED500D3F179 /* Assets.xcassets */; };
		03EF1F0020269ED500D3F179 /* LaunchScreen.storyboard in Resources */ = {isa = PBXBuildFile; fileRef = 03EF1EFE20269ED500D3F179 /* LaunchScreen.storyboard */; };
		03EF1F082026A9B400D3F179 /* moonViewController.swift in Sources */ = {isa = PBXBuildFile; fileRef = 03EF1F072026A9B400D3F179 /* moonViewController.swift */; };
		03EF1F0A2026A9C600D3F179 /* jupiterViewController.swift in Sources */ = {isa = PBXBuildFile; fileRef = 03EF1F092026A9C600D3F179 /* jupiterViewController.swift */; };
		03EF1F0C2028F70E00D3F179 /* all-about-jupiter.png in Resources */ = {isa = PBXBuildFile; fileRef = 03EF1F0B2028F70E00D3F179 /* all-about-jupiter.png */; };
		03EF1F0E2028F71500D3F179 /* all-about-earth.png in Resources */ = {isa = PBXBuildFile; fileRef = 03EF1F0D2028F71400D3F179 /* all-about-earth.png */; };
		03EF1F102028F71900D3F179 /* how-many-moons.png in Resources */ = {isa = PBXBuildFile; fileRef = 03EF1F0F2028F71900D3F179 /* how-many-moons.png */; };
/* End PBXBuildFile section */

/* Begin PBXFileReference section */
		03EF1EF220269ED500D3F179 /* Todd_Wenker_lab3.app */ = {isa = PBXFileReference; explicitFileType = wrapper.application; includeInIndex = 0; path = Todd_Wenker_lab3.app; sourceTree = BUILT_PRODUCTS_DIR; };
		03EF1EF520269ED500D3F179 /* AppDelegate.swift */ = {isa = PBXFileReference; lastKnownFileType = sourcecode.swift; path = AppDelegate.swift; sourceTree = "<group>"; };
		03EF1EF720269ED500D3F179 /* ViewController.swift */ = {isa = PBXFileReference; lastKnownFileType = sourcecode.swift; path = ViewController.swift; sourceTree = "<group>"; };
		03EF1EFA20269ED500D3F179 /* Base */ = {isa = PBXFileReference; lastKnownFileType = file.storyboard; name = Base; path = Base.lproj/Main.storyboard; sourceTree = "<group>"; };
		03EF1EFC20269ED500D3F179 /* Assets.xcassets */ = {isa = PBXFileReference; lastKnownFileType = folder.assetcatalog; path = Assets.xcassets; sourceTree = "<group>"; };
		03EF1EFF20269ED500D3F179 /* Base */ = {isa = PBXFileReference; lastKnownFileType = file.storyboard; name = Base; path = Base.lproj/LaunchScreen.storyboard; sourceTree = "<group>"; };
		03EF1F0120269ED500D3F179 /* Info.plist */ = {isa = PBXFileReference; lastKnownFileType = text.plist.xml; path = Info.plist; sourceTree = "<group>"; };
		03EF1F072026A9B400D3F179 /* moonViewController.swift */ = {isa = PBXFileReference; lastKnownFileType = sourcecode.swift; path = moonViewController.swift; sourceTree = "<group>"; };
		03EF1F092026A9C600D3F179 /* jupiterViewController.swift */ = {isa = PBXFileReference; lastKnownFileType = sourcecode.swift; path = jupiterViewController.swift; sourceTree = "<group>"; };
		03EF1F0B2028F70E00D3F179 /* all-about-jupiter.png */ = {isa = PBXFileReference; lastKnownFileType = image.png; path = "all-about-jupiter.png"; sourceTree = "<group>"; };
		03EF1F0D2028F71400D3F179 /* all-about-earth.png */ = {isa = PBXFileReference; lastKnownFileType = image.png; path = "all-about-earth.png"; sourceTree = "<group>"; };
		03EF1F0F2028F71900D3F179 /* how-many-moons.png */ = {isa = PBXFileReference; lastKnownFileType = image.png; path = "how-many-moons.png"; sourceTree = "<group>"; };
/* End PBXFileReference section */

/* Begin PBXFrameworksBuildPhase section */
		03EF1EEF20269ED500D3F179 /* Frameworks */ = {
			isa = PBXFrameworksBuildPhase;
			buildActionMask = 2147483647;
			files = (
			);
			runOnlyForDeploymentPostprocessing = 0;
		};
/* End PBXFrameworksBuildPhase section */

/* Begin PBXGroup section */
		03EF1EE920269ED500D3F179 = {
			isa = PBXGroup;
			children = (
				03EF1EF420269ED500D3F179 /* Todd_Wenker_lab3 */,
				03EF1EF320269ED500D3F179 /* Products */,
				03EF1F112028F72000D3F179 /* Images */,
			);
			sourceTree = "<group>";
		};
		03EF1EF320269ED500D3F179 /* Products */ = {
			isa = PBXGroup;
			children = (
				03EF1EF220269ED500D3F179 /* Todd_Wenker_lab3.app */,
			);
			name = Products;
			sourceTree = "<group>";
		};
		03EF1EF420269ED500D3F179 /* Todd_Wenker_lab3 */ = {
			isa = PBXGroup;
			children = (
				03EF1EF520269ED500D3F179 /* AppDelegate.swift */,
				03EF1EF720269ED500D3F179 /* ViewController.swift */,
				03EF1F072026A9B400D3F179 /* moonViewController.swift */,
				03EF1F092026A9C600D3F179 /* jupiterViewController.swift */,
				03EF1EF920269ED500D3F179 /* Main.storyboard */,
				03EF1EFC20269ED500D3F179 /* Assets.xcassets */,
				03EF1EFE20269ED500D3F179 /* LaunchScreen.storyboard */,
				03EF1F0120269ED500D3F179 /* Info.plist */,
			);
			path = Todd_Wenker_lab3;
			sourceTree = "<group>";
		};
		03EF1F112028F72000D3F179 /* Images */ = {
			isa = PBXGroup;
			children = (
				03EF1F0B2028F70E00D3F179 /* all-about-jupiter.png */,
				03EF1F0D2028F71400D3F179 /* all-about-earth.png */,
				03EF1F0F2028F71900D3F179 /* how-many-moons.png */,
			);
			path = Images;
			sourceTree = "<group>";
		};
/* End PBXGroup section */

/* Begin PBXNativeTarget section */
		03EF1EF120269ED500D3F179 /* Todd_Wenker_lab3 */ = {
			isa = PBXNativeTarget;
			buildConfigurationList = 03EF1F0420269ED500D3F179 /* Build configuration list for PBXNativeTarget "Todd_Wenker_lab3" */;
			buildPhases = (
				03EF1EEE20269ED500D3F179 /* Sources */,
				03EF1EEF20269ED500D3F179 /* Frameworks */,
				03EF1EF020269ED500D3F179 /* Resources */,
			);
			buildRules = (
			);
			dependencies = (
			);
			name = Todd_Wenker_lab3;
			productName = Todd_Wenker_lab3;
			productReference = 03EF1EF220269ED500D3F179 /* Todd_Wenker_lab3.app */;
			productType = "com.apple.product-type.application";
		};
/* End PBXNativeTarget section */

/* Begin PBXProject section */
		03EF1EEA20269ED500D3F179 /* Project object */ = {
			isa = PBXProject;
			attributes = {
				LastSwiftUpdateCheck = 0920;
				LastUpgradeCheck = 0920;
				ORGANIZATIONNAME = "Todd Wenker";
				TargetAttributes = {
					03EF1EF120269ED500D3F179 = {
						CreatedOnToolsVersion = 9.2;
						ProvisioningStyle = Automatic;
					};
				};
			};
			buildConfigurationList = 03EF1EED20269ED500D3F179 /* Build configuration list for PBXProject "Todd_Wenker_lab3" */;
			compatibilityVersion = "Xcode 8.0";
			developmentRegion = en;
			hasScannedForEncodings = 0;
			knownRegions = (
				en,
				Base,
			);
			mainGroup = 03EF1EE920269ED500D3F179;
			productRefGroup = 03EF1EF320269ED500D3F179 /* Products */;
			projectDirPath = "";
			projectRoot = "";
			targets = (
				03EF1EF120269ED500D3F179 /* Todd_Wenker_lab3 */,
			);
		};
/* End PBXProject section */

/* Begin PBXResourcesBuildPhase section */
		03EF1EF020269ED500D3F179 /* Resources */ = {
			isa = PBXResourcesBuildPhase;
			buildActionMask = 2147483647;
			files = (
				03EF1F0E2028F71500D3F179 /* all-about-earth.png in Resources */,
				03EF1F0020269ED500D3F179 /* LaunchScreen.storyboard in Resources */,
				03EF1F0C2028F70E00D3F179 /* all-about-jupiter.png in Resources */,
				03EF1EFD20269ED500D3F179 /* Assets.xcassets in Resources */,
				03EF1F102028F71900D3F179 /* how-many-moons.png in Resources */,
				03EF1EFB20269ED500D3F179 /* Main.storyboard in Resources */,
			);
			runOnlyForDeploymentPostprocessing = 0;
		};
/* End PBXResourcesBuildPhase section */

/* Begin PBXSourcesBuildPhase section */
		03EF1EEE20269ED500D3F179 /* Sources */ = {
			isa = PBXSourcesBuildPhase;
			buildActionMask = 2147483647;
			files = (
				03EF1F0A2026A9C600D3F179 /* jupiterViewController.swift in Sources */,
				03EF1EF820269ED500D3F179 /* ViewController.swift in Sources */,
				03EF1EF620269ED500D3F179 /* AppDelegate.swift in Sources */,
				03EF1F082026A9B400D3F179 /* moonViewController.swift in Sources */,
			);
			runOnlyForDeploymentPostprocessing = 0;
		};
/* End PBXSourcesBuildPhase section */

/* Begin PBXVariantGroup section */
		03EF1EF920269ED500D3F179 /* Main.storyboard */ = {
			isa = PBXVariantGroup;
			children = (
				03EF1EFA20269ED500D3F179 /* Base */,
			);
			name = Main.storyboard;
			sourceTree = "<group>";
		};
		03EF1EFE20269ED500D3F179 /* LaunchScreen.storyboard */ = {
			isa = PBXVariantGroup;
			children = (
				03EF1EFF20269ED500D3F179 /* Base */,
			);
			name = LaunchScreen.storyboard;
			sourceTree = "<group>";
		};
/* End PBXVariantGroup section */

/* Begin XCBuildConfiguration section */
		03EF1F0220269ED500D3F179 /* Debug */ = {
			isa = XCBuildConfiguration;
			buildSettings = {
				ALWAYS_SEARCH_USER_PATHS = NO;
				CLANG_ANALYZER_NONNULL = YES;
				CLANG_ANALYZER_NUMBER_OBJECT_CONVERSION = YES_AGGRESSIVE;
				CLANG_CXX_LANGUAGE_STANDARD = "gnu++14";
				CLANG_CXX_LIBRARY = "libc++";
				CLANG_ENABLE_MODULES = YES;
				CLANG_ENABLE_OBJC_ARC = YES;
				CLANG_WARN_BLOCK_CAPTURE_AUTORELEASING = YES;
				CLANG_WARN_BOOL_CONVERSION = YES;
				CLANG_WARN_COMMA = YES;
				CLANG_WARN_CONSTANT_CONVERSION = YES;
				CLANG_WARN_DIRECT_OBJC_ISA_USAGE = YES_ERROR;
				CLANG_WARN_DOCUMENTATION_COMMENTS = YES;
				CLANG_WARN_EMPTY_BODY = YES;
				CLANG_WARN_ENUM_CONVERSION = YES;
				CLANG_WARN_INFINITE_RECURSION = YES;
				CLANG_WARN_INT_CONVERSION = YES;
				CLANG_WARN_NON_LITERAL_NULL_CONVERSION = YES;
				CLANG_WARN_OBJC_LITERAL_CONVERSION = YES;
				CLANG_WARN_OBJC_ROOT_CLASS = YES_ERROR;
				CLANG_WARN_RANGE_LOOP_ANALYSIS = YES;
				CLANG_WARN_STRICT_PROTOTYPES = YES;
				CLANG_WARN_SUSPICIOUS_MOVE = YES;
				CLANG_WARN_UNGUARDED_AVAILABILITY = YES_AGGRESSIVE;
				CLANG_WARN_UNREACHABLE_CODE = YES;
				CLANG_WARN__DUPLICATE_METHOD_MATCH = YES;
				CODE_SIGN_IDENTITY = "iPhone Developer";
				COPY_PHASE_STRIP = NO;
				DEBUG_INFORMATION_FORMAT = dwarf;
				ENABLE_STRICT_OBJC_MSGSEND = YES;
				ENABLE_TESTABILITY = YES;
				GCC_C_LANGUAGE_STANDARD = gnu11;
				GCC_DYNAMIC_NO_PIC = NO;
				GCC_NO_COMMON_BLOCKS = YES;
				GCC_OPTIMIZATION_LEVEL = 0;
				GCC_PREPROCESSOR_DEFINITIONS = (
					"DEBUG=1",
					"$(inherited)",
				);
				GCC_WARN_64_TO_32_BIT_CONVERSION = YES;
				GCC_WARN_ABOUT_RETURN_TYPE = YES_ERROR;
				GCC_WARN_UNDECLARED_SELECTOR = YES;
				GCC_WARN_UNINITIALIZED_AUTOS = YES_AGGRESSIVE;
				GCC_WARN_UNUSED_FUNCTION = YES;
				GCC_WARN_UNUSED_VARIABLE = YES;
				IPHONEOS_DEPLOYMENT_TARGET = 11.2;
				MTL_ENABLE_DEBUG_INFO = YES;
				ONLY_ACTIVE_ARCH = YES;
				SDKROOT = iphoneos;
				SWIFT_ACTIVE_COMPILATION_CONDITIONS = DEBUG;
				SWIFT_OPTIMIZATION_LEVEL = "-Onone";
			};
			name = Debug;
		};
		03EF1F0320269ED500D3F179 /* Release */ = {
			isa = XCBuildConfiguration;
			buildSettings = {
				ALWAYS_SEARCH_USER_PATHS = NO;
				CLANG_ANALYZER_NONNULL = YES;
				CLANG_ANALYZER_NUMBER_OBJECT_CONVERSION = YES_AGGRESSIVE;
				CLANG_CXX_LANGUAGE_STANDARD = "gnu++14";
				CLANG_CXX_LIBRARY = "libc++";
				CLANG_ENABLE_MODULES = YES;
				CLANG_ENABLE_OBJC_ARC = YES;
				CLANG_WARN_BLOCK_CAPTURE_AUTORELEASING = YES;
				CLANG_WARN_BOOL_CONVERSION = YES;
				CLANG_WARN_COMMA = YES;
				CLANG_WARN_CONSTANT_CONVERSION = YES;
				CLANG_WARN_DIRECT_OBJC_ISA_USAGE = YES_ERROR;
				CLANG_WARN_DOCUMENTATION_COMMENTS = YES;
				CLANG_WARN_EMPTY_BODY = YES;
				CLANG_WARN_ENUM_CONVERSION = YES;
				CLANG_WARN_INFINITE_RECURSION = YES;
				CLANG_WARN_INT_CONVERSION = YES;
				CLANG_WARN_NON_LITERAL_NULL_CONVERSION = YES;
				CLANG_WARN_OBJC_LITERAL_CONVERSION = YES;
				CLANG_WARN_OBJC_ROOT_CLASS = YES_ERROR;
				CLANG_WARN_RANGE_LOOP_ANALYSIS = YES;
				CLANG_WARN_STRICT_PROTOTYPES = YES;
				CLANG_WARN_SUSPICIOUS_MOVE = YES;
				CLANG_WARN_UNGUARDED_AVAILABILITY = YES_AGGRESSIVE;
				CLANG_WARN_UNREACHABLE_CODE = YES;
				CLANG_WARN__DUPLICATE_METHOD_MATCH = YES;
				CODE_SIGN_IDENTITY = "iPhone Developer";
				COPY_PHASE_STRIP = NO;
				DEBUG_INFORMATION_FORMAT = "dwarf-with-dsym";
				ENABLE_NS_ASSERTIONS = NO;
				ENABLE_STRICT_OBJC_MSGSEND = YES;
				GCC_C_LANGUAGE_STANDARD = gnu11;
				GCC_NO_COMMON_BLOCKS = YES;
				GCC_WARN_64_TO_32_BIT_CONVERSION = YES;
				GCC_WARN_ABOUT_RETURN_TYPE = YES_ERROR;
				GCC_WARN_UNDECLARED_SELECTOR = YES;
				GCC_WARN_UNINITIALIZED_AUTOS = YES_AGGRESSIVE;
				GCC_WARN_UNUSED_FUNCTION = YES;
				GCC_WARN_UNUSED_VARIABLE = YES;
				IPHONEOS_DEPLOYMENT_TARGET = 11.2;
				MTL_ENABLE_DEBUG_INFO = NO;
				SDKROOT = iphoneos;
				SWIFT_OPTIMIZATION_LEVEL = "-Owholemodule";
				VALIDATE_PRODUCT = YES;
			};
			name = Release;
		};
		03EF1F0520269ED500D3F179 /* Debug */ = {
			isa = XCBuildConfiguration;
			buildSettings = {
				ASSETCATALOG_COMPILER_APPICON_NAME = AppIcon;
				CODE_SIGN_STYLE = Automatic;
				INFOPLIST_FILE = Todd_Wenker_lab3/Info.plist;
				LD_RUNPATH_SEARCH_PATHS = "$(inherited) @executable_path/Frameworks";
				PRODUCT_BUNDLE_IDENTIFIER = "example.Todd-Wenker-lab3";
				PRODUCT_NAME = "$(TARGET_NAME)";
				SWIFT_VERSION = 4.0;
				TARGETED_DEVICE_FAMILY = "1,2";
			};
			name = Debug;
		};
		03EF1F0620269ED500D3F179 /* Release */ = {
			isa = XCBuildConfiguration;
			buildSettings = {
				ASSETCATALOG_COMPILER_APPICON_NAME = AppIcon;
				CODE_SIGN_STYLE = Automatic;
				INFOPLIST_FILE = Todd_Wenker_lab3/Info.plist;
				LD_RUNPATH_SEARCH_PATHS = "$(inherited) @executable_path/Frameworks";
				PRODUCT_BUNDLE_IDENTIFIER = "example.Todd-Wenker-lab3";
				PRODUCT_NAME = "$(TARGET_NAME)";
				SWIFT_VERSION = 4.0;
				TARGETED_DEVICE_FAMILY = "1,2";
			};
			name = Release;
		};
/* End XCBuildConfiguration section */

/* Begin XCConfigurationList section */
		03EF1EED20269ED500D3F179 /* Build configuration list for PBXProject "Todd_Wenker_lab3" */ = {
			isa = XCConfigurationList;
			buildConfigurations = (
				03EF1F0220269ED500D3F179 /* Debug */,
				03EF1F0320269ED500D3F179 /* Release */,
			);
			defaultConfigurationIsVisible = 0;
			defaultConfigurationName = Release;
		};
		03EF1F0420269ED500D3F179 /* Build configuration list for PBXNativeTarget "Todd_Wenker_lab3" */ = {
			isa = XCConfigurationList;
			buildConfigurations = (
				03EF1F0520269ED500D3F179 /* Debug */,
				03EF1F0620269ED500D3F179 /* Release */,
			);
			defaultConfigurationIsVisible = 0;
			defaultConfigurationName = Release;
		};
/* End XCConfigurationList section */
	};
	rootObject = 03EF1EEA20269ED500D3F179 /* Project object */;
}
